
Microsoft Visual Studio Solution File, Format Version 12.00
# Visual Studio Version 17
VisualStudioVersion = 17.5.33502.453
MinimumVisualStudioVersion = 10.0.40219.1
Project("{8BC9CEB8-8B4A-11D0-8D11-00A0C91BC942}") = "WindowsProject1", "WindowsProject1\WindowsProject1.vcxproj", "{8A5476AF-9219-455C-BFF1-66899AA9D00E}"
EndProject
Project("{8BC9CEB8-8B4A-11D0-8D11-00A0C91BC942}") = "ConsoleApplication1", "ConsoleApplication1\ConsoleApplication1.vcxproj", "{6CBFD1E6-4EDB-4365-8FA6-93FB3478FDE2}"
EndProject
Project("{8BC9CEB8-8B4A-11D0-8D11-00A0C91BC942}") = "WindowsFormProject1", "WindowsFormProject1\WindowsFormProject1.vcxproj", "{659B27F7-38B0-471D-ADF6-A0A4DAB16284}"
EndProject
Global
	GlobalSection(SolutionConfigurationPlatforms) = preSolution
		Debug|x64 = Debug|x64
		Debug|x86 = Debug|x86
		Release|x64 = Release|x64
		Release|x86 = Release|x86
	EndGlobalSection
	GlobalSection(ProjectConfigurationPlatforms) = postSolution
		{8A5476AF-9219-455C-BFF1-66899AA9D00E}.Debug|x64.ActiveCfg = Debug|x64
		{8A5476AF-9219-455C-BFF1-66899AA9D00E}.Debug|x64.Build.0 = Debug|x64
		{8A5476AF-9219-455C-BFF1-66899AA9D00E}.Debug|x86.ActiveCfg = Debug|Win32
		{8A5476AF-9219-455C-BFF1-66899AA9D00E}.Debug|x86.Build.0 = Debug|Win32
		{8A5476AF-9219-455C-BFF1-66899AA9D00E}.Release|x64.ActiveCfg = Release|x64
		{8A5476AF-9219-455C-BFF1-66899AA9D00E}.Release|x64.Build.0 = Release|x64
		{8A5476AF-9219-455C-BFF1-66899AA9D00E}.Release|x86.ActiveCfg = Release|Win32
		{8A5476AF-9219-455C-BFF1-66899AA9D00E}.Release|x86.Build.0 = Release|Win32
		{6CBFD1E6-4EDB-4365-8FA6-93FB3478FDE2}.Debug|x64.ActiveCfg = Debug|x64
		{6CBFD1E6-4EDB-4365-8FA6-93FB3478FDE2}.Debug|x64.Build.0 = Debug|x64
		{6CBFD1E6-4EDB-4365-8FA6-93FB3478FDE2}.Debug|x86.ActiveCfg = Debug|Win32
		{6CBFD1E6-4EDB-4365-8FA6-93FB3478FDE2}.Debug|x86.Build.0 = Debug|Win32
		{6CBFD1E6-4EDB-4365-8FA6-93FB3478FDE2}.Release|x64.ActiveCfg = Release|x64
		{6CBFD1E6-4EDB-4365-8FA6-93FB3478FDE2}.Release|x64.Build.0 = Release|x64
		{6CBFD1E6-4EDB-4365-8FA6-93FB3478FDE2}.Release|x86.ActiveCfg = Release|Win32
		{6CBFD1E6-4EDB-4365-8FA6-93FB3478FDE2}.Release|x86.Build.0 = Release|Win32
		{659B27F7-38B0-471D-ADF6-A0A4DAB16284}.Debug|x64.ActiveCfg = Debug|x64
		{659B27F7-38B0-471D-ADF6-A0A4DAB16284}.Debug|x64.Build.0 = Debug|x64
		{659B27F7-38B0-471D-ADF6-A0A4DAB16284}.Debug|x86.ActiveCfg = Debug|Win32
		{659B27F7-38B0-471D-ADF6-A0A4DAB16284}.Debug|x86.Build.0 = Debug|Win32
		{659B27F7-38B0-471D-ADF6-A0A4DAB16284}.Release|x64.ActiveCfg = Release|x64
		{659B27F7-38B0-471D-ADF6-A0A4DAB16284}.Release|x64.Build.0 = Release|x64
		{659B27F7-38B0-471D-ADF6-A0A4DAB16284}.Release|x86.ActiveCfg = Release|Win32
		{659B27F7-38B0-471D-ADF6-A0A4DAB16284}.Release|x86.Build.0 = Release|Win32
	EndGlobalSection
	GlobalSection(SolutionProperties) = preSolution
		HideSolutionNode = FALSE
	EndGlobalSection
	GlobalSection(ExtensibilityGlobals) = postSolution
		SolutionGuid = {D891B1A0-C522-4039-877E-B2B077F2A499}
	EndGlobalSection
EndGlobal
